// !$*UTF8*$!
{
	archiveVersion = 1;
	classes = {
	};
	objectVersion = 46;
	objects = {

/* Begin PBXBuildFile section */
		668BA13A1AC352A800738546 /* AppDelegate.swift in Sources */ = {isa = PBXBuildFile; fileRef = 668BA1391AC352A800738546 /* AppDelegate.swift */; };
		668BA13C1AC352A800738546 /* ViewController.swift in Sources */ = {isa = PBXBuildFile; fileRef = 668BA13B1AC352A800738546 /* ViewController.swift */; };
		668BA13F1AC352A800738546 /* Main.storyboard in Resources */ = {isa = PBXBuildFile; fileRef = 668BA13D1AC352A800738546 /* Main.storyboard */; };
		668BA1411AC352A800738546 /* Images.xcassets in Resources */ = {isa = PBXBuildFile; fileRef = 668BA1401AC352A800738546 /* Images.xcassets */; };
		668BA1441AC352A800738546 /* LaunchScreen.xib in Resources */ = {isa = PBXBuildFile; fileRef = 668BA1421AC352A800738546 /* LaunchScreen.xib */; };
		668BA1501AC352A900738546 /* PostCardTests.swift in Sources */ = {isa = PBXBuildFile; fileRef = 668BA14F1AC352A900738546 /* PostCardTests.swift */; };
/* End PBXBuildFile section */

/* Begin PBXContainerItemProxy section */
		668BA14A1AC352A900738546 /* PBXContainerItemProxy */ = {
			isa = PBXContainerItemProxy;
			containerPortal = 668BA12C1AC352A800738546 /* Project object */;
			proxyType = 1;
			remoteGlobalIDString = 668BA1331AC352A800738546;
			remoteInfo = PostCard;
		};
/* End PBXContainerItemProxy section */

/* Begin PBXFileReference section */
		668BA1341AC352A800738546 /* PostCard.app */ = {isa = PBXFileReference; explicitFileType = wrapper.application; includeInIndex = 0; path = PostCard.app; sourceTree = BUILT_PRODUCTS_DIR; };
		668BA1381AC352A800738546 /* Info.plist */ = {isa = PBXFileReference; lastKnownFileType = text.plist.xml; path = Info.plist; sourceTree = "<group>"; };
		668BA1391AC352A800738546 /* AppDelegate.swift */ = {isa = PBXFileReference; lastKnownFileType = sourcecode.swift; path = AppDelegate.swift; sourceTree = "<group>"; };
		668BA13B1AC352A800738546 /* ViewController.swift */ = {isa = PBXFileReference; lastKnownFileType = sourcecode.swift; path = ViewController.swift; sourceTree = "<group>"; };
		668BA13E1AC352A800738546 /* Base */ = {isa = PBXFileReference; lastKnownFileType = file.storyboard; name = Base; path = Base.lproj/Main.storyboard; sourceTree = "<group>"; };
		668BA1401AC352A800738546 /* Images.xcassets */ = {isa = PBXFileReference; lastKnownFileType = folder.assetcatalog; path = Images.xcassets; sourceTree = "<group>"; };
		668BA1431AC352A800738546 /* Base */ = {isa = PBXFileReference; lastKnownFileType = file.xib; name = Base; path = Base.lproj/LaunchScreen.xib; sourceTree = "<group>"; };
		668BA1491AC352A900738546 /* PostCardTests.xctest */ = {isa = PBXFileReference; explicitFileType = wrapper.cfbundle; includeInIndex = 0; path = PostCardTests.xctest; sourceTree = BUILT_PRODUCTS_DIR; };
		668BA14E1AC352A900738546 /* Info.plist */ = {isa = PBXFileReference; lastKnownFileType = text.plist.xml; path = Info.plist; sourceTree = "<group>"; };
		668BA14F1AC352A900738546 /* PostCardTests.swift */ = {isa = PBXFileReference; lastKnownFileType = sourcecode.swift; path = PostCardTests.swift; sourceTree = "<group>"; };
/* End PBXFileReference section */

/* Begin PBXFrameworksBuildPhase section */
		668BA1311AC352A800738546 /* Frameworks */ = {
			isa = PBXFrameworksBuildPhase;
			buildActionMask = 2147483647;
			files = (
			);
			runOnlyForDeploymentPostprocessing = 0;
		};
		668BA1461AC352A900738546 /* Frameworks */ = {
			isa = PBXFrameworksBuildPhase;
			buildActionMask = 2147483647;
			files = (
			);
			runOnlyForDeploymentPostprocessing = 0;
		};
/* End PBXFrameworksBuildPhase section */

/* Begin PBXGroup section */
		668BA12B1AC352A800738546 = {
			isa = PBXGroup;
			children = (
				668BA1361AC352A800738546 /* PostCard */,
				668BA14C1AC352A900738546 /* PostCardTests */,
				668BA1351AC352A800738546 /* Products */,
			);
			sourceTree = "<group>";
		};
		668BA1351AC352A800738546 /* Products */ = {
			isa = PBXGroup;
			children = (
				668BA1341AC352A800738546 /* PostCard.app */,
				668BA1491AC352A900738546 /* PostCardTests.xctest */,
			);
			name = Products;
			sourceTree = "<group>";
		};
		668BA1361AC352A800738546 /* PostCard */ = {
			isa = PBXGroup;
			children = (
				668BA1391AC352A800738546 /* AppDelegate.swift */,
				668BA13B1AC352A800738546 /* ViewController.swift */,
				668BA13D1AC352A800738546 /* Main.storyboard */,
				668BA1401AC352A800738546 /* Images.xcassets */,
				668BA1421AC352A800738546 /* LaunchScreen.xib */,
				668BA1371AC352A800738546 /* Supporting Files */,
			);
			path = PostCard;
			sourceTree = "<group>";
		};
		668BA1371AC352A800738546 /* Supporting Files */ = {
			isa = PBXGroup;
			children = (
				668BA1381AC352A800738546 /* Info.plist */,
			);
			name = "Supporting Files";
			sourceTree = "<group>";
		};
		668BA14C1AC352A900738546 /* PostCardTests */ = {
			isa = PBXGroup;
			children = (
				668BA14F1AC352A900738546 /* PostCardTests.swift */,
				668BA14D1AC352A900738546 /* Supporting Files */,
			);
			path = PostCardTests;
			sourceTree = "<group>";
		};
		668BA14D1AC352A900738546 /* Supporting Files */ = {
			isa = PBXGroup;
			children = (
				668BA14E1AC352A900738546 /* Info.plist */,
			);
			name = "Supporting Files";
			sourceTree = "<group>";
		};
/* End PBXGroup section */

/* Begin PBXNativeTarget section */
		668BA1331AC352A800738546 /* PostCard */ = {
			isa = PBXNativeTarget;
			buildConfigurationList = 668BA1531AC352A900738546 /* Build configuration list for PBXNativeTarget "PostCard" */;
			buildPhases = (
				668BA1301AC352A800738546 /* Sources */,
				668BA1311AC352A800738546 /* Frameworks */,
				668BA1321AC352A800738546 /* Resources */,
			);
			buildRules = (
			);
			dependencies = (
			);
			name = PostCard;
			productName = PostCard;
			productReference = 668BA1341AC352A800738546 /* PostCard.app */;
			productType = "com.apple.product-type.application";
		};
		668BA1481AC352A900738546 /* PostCardTests */ = {
			isa = PBXNativeTarget;
			buildConfigurationList = 668BA1561AC352A900738546 /* Build configuration list for PBXNativeTarget "PostCardTests" */;
			buildPhases = (
				668BA1451AC352A900738546 /* Sources */,
				668BA1461AC352A900738546 /* Frameworks */,
				668BA1471AC352A900738546 /* Resources */,
			);
			buildRules = (
			);
			dependencies = (
				668BA14B1AC352A900738546 /* PBXTargetDependency */,
			);
			name = PostCardTests;
			productName = PostCardTests;
			productReference = 668BA1491AC352A900738546 /* PostCardTests.xctest */;
			productType = "com.apple.product-type.bundle.unit-test";
		};
/* End PBXNativeTarget section */

/* Begin PBXProject section */
		668BA12C1AC352A800738546 /* Project object */ = {
			isa = PBXProject;
			attributes = {
				LastUpgradeCheck = 0600;
				ORGANIZATIONNAME = Nacho;
				TargetAttributes = {
					668BA1331AC352A800738546 = {
						CreatedOnToolsVersion = 6.0.1;
					};
					668BA1481AC352A900738546 = {
						CreatedOnToolsVersion = 6.0.1;
						TestTargetID = 668BA1331AC352A800738546;
					};
				};
			};
			buildConfigurationList = 668BA12F1AC352A800738546 /* Build configuration list for PBXProject "PostCard" */;
			compatibilityVersion = "Xcode 3.2";
			developmentRegion = English;
			hasScannedForEncodings = 0;
			knownRegions = (
				en,
				Base,
			);
			mainGroup = 668BA12B1AC352A800738546;
			productRefGroup = 668BA1351AC352A800738546 /* Products */;
			projectDirPath = "";
			projectRoot = "";
			targets = (
				668BA1331AC352A800738546 /* PostCard */,
				668BA1481AC352A900738546 /* PostCardTests */,
			);
		};
/* End PBXProject section */

/* Begin PBXResourcesBuildPhase section */
		668BA1321AC352A800738546 /* Resources */ = {
			isa = PBXResourcesBuildPhase;
			buildActionMask = 2147483647;
			files = (
				668BA13F1AC352A800738546 /* Main.storyboard in Resources */,
				668BA1441AC352A800738546 /* LaunchScreen.xib in Resources */,
				668BA1411AC352A800738546 /* Images.xcassets in Resources */,
			);
			runOnlyForDeploymentPostprocessing = 0;
		};
		668BA1471AC352A900738546 /* Resources */ = {
			isa = PBXResourcesBuildPhase;
			buildActionMask = 2147483647;
			files = (
			);
			runOnlyForDeploymentPostprocessing = 0;
		};
/* End PBXResourcesBuildPhase section */

/* Begin PBXSourcesBuildPhase section */
		668BA1301AC352A800738546 /* Sources */ = {
			isa = PBXSourcesBuildPhase;
			buildActionMask = 2147483647;
			files = (
				668BA13C1AC352A800738546 /* ViewController.swift in Sources */,
				668BA13A1AC352A800738546 /* AppDelegate.swift in Sources */,
			);
			runOnlyForDeploymentPostprocessing = 0;
		};
		668BA1451AC352A900738546 /* Sources */ = {
			isa = PBXSourcesBuildPhase;
			buildActionMask = 2147483647;
			files = (
				668BA1501AC352A900738546 /* PostCardTests.swift in Sources */,
			);
			runOnlyForDeploymentPostprocessing = 0;
		};
/* End PBXSourcesBuildPhase section */

/* Begin PBXTargetDependency section */
		668BA14B1AC352A900738546 /* PBXTargetDependency */ = {
			isa = PBXTargetDependency;
			target = 668BA1331AC352A800738546 /* PostCard */;
			targetProxy = 668BA14A1AC352A900738546 /* PBXContainerItemProxy */;
		};
/* End PBXTargetDependency section */

/* Begin PBXVariantGroup section */
		668BA13D1AC352A800738546 /* Main.storyboard */ = {
			isa = PBXVariantGroup;
			children = (
				668BA13E1AC352A800738546 /* Base */,
			);
			name = Main.storyboard;
			sourceTree = "<group>";
		};
		668BA1421AC352A800738546 /* LaunchScreen.xib */ = {
			isa = PBXVariantGroup;
			children = (
				668BA1431AC352A800738546 /* Base */,
			);
			name = LaunchScreen.xib;
			sourceTree = "<group>";
		};
/* End PBXVariantGroup section */

/* Begin XCBuildConfiguration section */
		668BA1511AC352A900738546 /* Debug */ = {
			isa = XCBuildConfiguration;
			buildSettings = {
				ALWAYS_SEARCH_USER_PATHS = NO;
				CLANG_CXX_LANGUAGE_STANDARD = "gnu++0x";
				CLANG_CXX_LIBRARY = "libc++";
				CLANG_ENABLE_MODULES = YES;
				CLANG_ENABLE_OBJC_ARC = YES;
				CLANG_WARN_BOOL_CONVERSION = YES;
				CLANG_WARN_CONSTANT_CONVERSION = YES;
				CLANG_WARN_DIRECT_OBJC_ISA_USAGE = YES_ERROR;
				CLANG_WARN_EMPTY_BODY = YES;
				CLANG_WARN_ENUM_CONVERSION = YES;
				CLANG_WARN_INT_CONVERSION = YES;
				CLANG_WARN_OBJC_ROOT_CLASS = YES_ERROR;
				CLANG_WARN_UNREACHABLE_CODE = YES;
				CLANG_WARN__DUPLICATE_METHOD_MATCH = YES;
				"CODE_SIGN_IDENTITY[sdk=iphoneos*]" = "iPhone Developer";
				COPY_PHASE_STRIP = NO;
				ENABLE_STRICT_OBJC_MSGSEND = YES;
				GCC_C_LANGUAGE_STANDARD = gnu99;
				GCC_DYNAMIC_NO_PIC = NO;
				GCC_OPTIMIZATION_LEVEL = 0;
				GCC_PREPROCESSOR_DEFINITIONS = (
					"DEBUG=1",
					"$(inherited)",
				);
				GCC_SYMBOLS_PRIVATE_EXTERN = NO;
				GCC_WARN_64_TO_32_BIT_CONVERSION = YES;
				GCC_WARN_ABOUT_RETURN_TYPE = YES_ERROR;
				GCC_WARN_UNDECLARED_SELECTOR = YES;
				GCC_WARN_UNINITIALIZED_AUTOS = YES_AGGRESSIVE;
				GCC_WARN_UNUSED_FUNCTION = YES;
				GCC_WARN_UNUSED_VARIABLE = YES;
				IPHONEOS_DEPLOYMENT_TARGET = 8.0;
				MTL_ENABLE_DEBUG_INFO = YES;
				ONLY_ACTIVE_ARCH = YES;
				SDKROOT = iphoneos;
				SWIFT_OPTIMIZATION_LEVEL = "-Onone";
				TARGETED_DEVICE_FAMILY = "1,2";
			};
			name = Debug;
		};
		668BA1521AC352A900738546 /* Release */ = {
			isa = XCBuildConfiguration;
			buildSettings = {
				ALWAYS_SEARCH_USER_PATHS = NO;
				CLANG_CXX_LANGUAGE_STANDARD = "gnu++0x";
				CLANG_CXX_LIBRARY = "libc++";
				CLANG_ENABLE_MODULES = YES;
				CLANG_ENABLE_OBJC_ARC = YES;
				CLANG_WARN_BOOL_CONVERSION = YES;
				CLANG_WARN_CONSTANT_CONVERSION = YES;
				CLANG_WARN_DIRECT_OBJC_ISA_USAGE = YES_ERROR;
				CLANG_WARN_EMPTY_BODY = YES;
				CLANG_WARN_ENUM_CONVERSION = YES;
				CLANG_WARN_INT_CONVERSION = YES;
				CLANG_WARN_OBJC_ROOT_CLASS = YES_ERROR;
				CLANG_WARN_UNREACHABLE_CODE = YES;
				CLANG_WARN__DUPLICATE_METHOD_MATCH = YES;
				"CODE_SIGN_IDENTITY[sdk=iphoneos*]" = "iPhone Developer";
				COPY_PHASE_STRIP = YES;
				ENABLE_NS_ASSERTIONS = NO;
				ENABLE_STRICT_OBJC_MSGSEND = YES;
				GCC_C_LANGUAGE_STANDARD = gnu99;
				GCC_WARN_64_TO_32_BIT_CONVERSION = YES;
				GCC_WARN_ABOUT_RETURN_TYPE = YES_ERROR;
				GCC_WARN_UNDECLARED_SELECTOR = YES;
				GCC_WARN_UNINITIALIZED_AUTOS = YES_AGGRESSIVE;
				GCC_WARN_UNUSED_FUNCTION = YES;
				GCC_WARN_UNUSED_VARIABLE = YES;
				IPHONEOS_DEPLOYMENT_TARGET = 8.0;
				MTL_ENABLE_DEBUG_INFO = NO;
				SDKROOT = iphoneos;
				TARGETED_DEVICE_FAMILY = "1,2";
				VALIDATE_PRODUCT = YES;
			};
			name = Release;
		};
		668BA1541AC352A900738546 /* Debug */ = {
			isa = XCBuildConfiguration;
			buildSettings = {
				ASSETCATALOG_COMPILER_APPICON_NAME = AppIcon;
				INFOPLIST_FILE = PostCard/Info.plist;
				LD_RUNPATH_SEARCH_PATHS = "$(inherited) @executable_path/Frameworks";
				PRODUCT_NAME = "$(TARGET_NAME)";
			};
			name = Debug;
		};
		668BA1551AC352A900738546 /* Release */ = {
			isa = XCBuildConfiguration;
			buildSettings = {
				ASSETCATALOG_COMPILER_APPICON_NAME = AppIcon;
				INFOPLIST_FILE = PostCard/Info.plist;
				LD_RUNPATH_SEARCH_PATHS = "$(inherited) @executable_path/Frameworks";
				PRODUCT_NAME = "$(TARGET_NAME)";
			};
			name = Release;
		};
		668BA1571AC352A900738546 /* Debug */ = {
			isa = XCBuildConfiguration;
			buildSettings = {
				BUNDLE_LOADER = "$(TEST_HOST)";
				FRAMEWORK_SEARCH_PATHS = (
					"$(SDKROOT)/Developer/Library/Frameworks",
					"$(inherited)",
				);
				GCC_PREPROCESSOR_DEFINITIONS = (
					"DEBUG=1",
					"$(inherited)",
				);
				INFOPLIST_FILE = PostCardTests/Info.plist;
				LD_RUNPATH_SEARCH_PATHS = "$(inherited) @executable_path/Frameworks @loader_path/Frameworks";
				PRODUCT_NAME = "$(TARGET_NAME)";
				TEST_HOST = "$(BUILT_PRODUCTS_DIR)/PostCard.app/PostCard";
			};
			name = Debug;
		};
		668BA1581AC352A900738546 /* Release */ = {
			isa = XCBuildConfiguration;
			buildSettings = {
				BUNDLE_LOADER = "$(TEST_HOST)";
				FRAMEWORK_SEARCH_PATHS = (
					"$(SDKROOT)/Developer/Library/Frameworks",
					"$(inherited)",
				);
				INFOPLIST_FILE = PostCardTests/Info.plist;
				LD_RUNPATH_SEARCH_PATHS = "$(inherited) @executable_path/Frameworks @loader_path/Frameworks";
				PRODUCT_NAME = "$(TARGET_NAME)";
				TEST_HOST = "$(BUILT_PRODUCTS_DIR)/PostCard.app/PostCard";
			};
			name = Release;
		};
/* End XCBuildConfiguration section */

/* Begin XCConfigurationList section */
		668BA12F1AC352A800738546 /* Build configuration list for PBXProject "PostCard" */ = {
			isa = XCConfigurationList;
			buildConfigurations = (
				668BA1511AC352A900738546 /* Debug */,
				668BA1521AC352A900738546 /* Release */,
			);
			defaultConfigurationIsVisible = 0;
			defaultConfigurationName = Release;
		};
		668BA1531AC352A900738546 /* Build configuration list for PBXNativeTarget "PostCard" */ = {
			isa = XCConfigurationList;
			buildConfigurations = (
				668BA1541AC352A900738546 /* Debug */,
				668BA1551AC352A900738546 /* Release */,
			);
			defaultConfigurationIsVisible = 0;
		};
		668BA1561AC352A900738546 /* Build configuration list for PBXNativeTarget "PostCardTests" */ = {
			isa = XCConfigurationList;
			buildConfigurations = (
				668BA1571AC352A900738546 /* Debug */,
				668BA1581AC352A900738546 /* Release */,
			);
			defaultConfigurationIsVisible = 0;
		};
/* End XCConfigurationList section */
	};
	rootObject = 668BA12C1AC352A800738546 /* Project object */;
}
